// !$*UTF8*$!
{
	archiveVersion = 1;
	classes = {
	};
	objectVersion = 55;
	objects = {

/* Begin PBXBuildFile section */
		3F88F8252A0EC243000BFD88 /* TDD_TicTacToeApp.swift in Sources */ = {isa = PBXBuildFile; fileRef = 3F88F8242A0EC243000BFD88 /* TDD_TicTacToeApp.swift */; };
		3F88F8272A0EC243000BFD88 /* ContentView.swift in Sources */ = {isa = PBXBuildFile; fileRef = 3F88F8262A0EC243000BFD88 /* ContentView.swift */; };
		3F88F8292A0EC245000BFD88 /* Assets.xcassets in Resources */ = {isa = PBXBuildFile; fileRef = 3F88F8282A0EC245000BFD88 /* Assets.xcassets */; };
		3F88F82C2A0EC245000BFD88 /* Preview Assets.xcassets in Resources */ = {isa = PBXBuildFile; fileRef = 3F88F82B2A0EC245000BFD88 /* Preview Assets.xcassets */; };
		3F88F8362A0EC246000BFD88 /* TDD_TicTacToeTests.swift in Sources */ = {isa = PBXBuildFile; fileRef = 3F88F8352A0EC246000BFD88 /* TDD_TicTacToeTests.swift */; };
		3F88F8402A0EC246000BFD88 /* TDD_TicTacToeUITests.swift in Sources */ = {isa = PBXBuildFile; fileRef = 3F88F83F2A0EC246000BFD88 /* TDD_TicTacToeUITests.swift */; };
		3F88F8422A0EC246000BFD88 /* TDD_TicTacToeUITestsLaunchTests.swift in Sources */ = {isa = PBXBuildFile; fileRef = 3F88F8412A0EC246000BFD88 /* TDD_TicTacToeUITestsLaunchTests.swift */; };
		3F88F8502A0EC36B000BFD88 /* Model.swift in Sources */ = {isa = PBXBuildFile; fileRef = 3F88F84E2A0EC368000BFD88 /* Model.swift */; };
/* End PBXBuildFile section */

/* Begin PBXContainerItemProxy section */
		3F88F8322A0EC246000BFD88 /* PBXContainerItemProxy */ = {
			isa = PBXContainerItemProxy;
			containerPortal = 3F88F8192A0EC243000BFD88 /* Project object */;
			proxyType = 1;
			remoteGlobalIDString = 3F88F8202A0EC243000BFD88;
			remoteInfo = TDD_TicTacToe;
		};
		3F88F83C2A0EC246000BFD88 /* PBXContainerItemProxy */ = {
			isa = PBXContainerItemProxy;
			containerPortal = 3F88F8192A0EC243000BFD88 /* Project object */;
			proxyType = 1;
			remoteGlobalIDString = 3F88F8202A0EC243000BFD88;
			remoteInfo = TDD_TicTacToe;
		};
/* End PBXContainerItemProxy section */

/* Begin PBXFileReference section */
		3F88F8212A0EC243000BFD88 /* TDD_TicTacToe.app */ = {isa = PBXFileReference; explicitFileType = wrapper.application; includeInIndex = 0; path = TDD_TicTacToe.app; sourceTree = BUILT_PRODUCTS_DIR; };
		3F88F8242A0EC243000BFD88 /* TDD_TicTacToeApp.swift */ = {isa = PBXFileReference; lastKnownFileType = sourcecode.swift; path = TDD_TicTacToeApp.swift; sourceTree = "<group>"; };
		3F88F8262A0EC243000BFD88 /* ContentView.swift */ = {isa = PBXFileReference; lastKnownFileType = sourcecode.swift; path = ContentView.swift; sourceTree = "<group>"; };
		3F88F8282A0EC245000BFD88 /* Assets.xcassets */ = {isa = PBXFileReference; lastKnownFileType = folder.assetcatalog; path = Assets.xcassets; sourceTree = "<group>"; };
		3F88F82B2A0EC245000BFD88 /* Preview Assets.xcassets */ = {isa = PBXFileReference; lastKnownFileType = folder.assetcatalog; path = "Preview Assets.xcassets"; sourceTree = "<group>"; };
		3F88F8312A0EC246000BFD88 /* TDD_TicTacToeTests.xctest */ = {isa = PBXFileReference; explicitFileType = wrapper.cfbundle; includeInIndex = 0; path = TDD_TicTacToeTests.xctest; sourceTree = BUILT_PRODUCTS_DIR; };
		3F88F8352A0EC246000BFD88 /* TDD_TicTacToeTests.swift */ = {isa = PBXFileReference; lastKnownFileType = sourcecode.swift; path = TDD_TicTacToeTests.swift; sourceTree = "<group>"; };
		3F88F83B2A0EC246000BFD88 /* TDD_TicTacToeUITests.xctest */ = {isa = PBXFileReference; explicitFileType = wrapper.cfbundle; includeInIndex = 0; path = TDD_TicTacToeUITests.xctest; sourceTree = BUILT_PRODUCTS_DIR; };
		3F88F83F2A0EC246000BFD88 /* TDD_TicTacToeUITests.swift */ = {isa = PBXFileReference; lastKnownFileType = sourcecode.swift; path = TDD_TicTacToeUITests.swift; sourceTree = "<group>"; };
		3F88F8412A0EC246000BFD88 /* TDD_TicTacToeUITestsLaunchTests.swift */ = {isa = PBXFileReference; lastKnownFileType = sourcecode.swift; path = TDD_TicTacToeUITestsLaunchTests.swift; sourceTree = "<group>"; };
		3F88F84E2A0EC368000BFD88 /* Model.swift */ = {isa = PBXFileReference; lastKnownFileType = sourcecode.swift; path = Model.swift; sourceTree = "<group>"; };
/* End PBXFileReference section */

/* Begin PBXFrameworksBuildPhase section */
		3F88F81E2A0EC243000BFD88 /* Frameworks */ = {
			isa = PBXFrameworksBuildPhase;
			buildActionMask = 2147483647;
			files = (
			);
			runOnlyForDeploymentPostprocessing = 0;
		};
		3F88F82E2A0EC246000BFD88 /* Frameworks */ = {
			isa = PBXFrameworksBuildPhase;
			buildActionMask = 2147483647;
			files = (
			);
			runOnlyForDeploymentPostprocessing = 0;
		};
		3F88F8382A0EC246000BFD88 /* Frameworks */ = {
			isa = PBXFrameworksBuildPhase;
			buildActionMask = 2147483647;
			files = (
			);
			runOnlyForDeploymentPostprocessing = 0;
		};
/* End PBXFrameworksBuildPhase section */

/* Begin PBXGroup section */
		3F88F8182A0EC243000BFD88 = {
			isa = PBXGroup;
			children = (
				3F88F8232A0EC243000BFD88 /* TDD_TicTacToe */,
				3F88F8342A0EC246000BFD88 /* TDD_TicTacToeTests */,
				3F88F83E2A0EC246000BFD88 /* TDD_TicTacToeUITests */,
				3F88F8222A0EC243000BFD88 /* Products */,
			);
			sourceTree = "<group>";
		};
		3F88F8222A0EC243000BFD88 /* Products */ = {
			isa = PBXGroup;
			children = (
				3F88F8212A0EC243000BFD88 /* TDD_TicTacToe.app */,
				3F88F8312A0EC246000BFD88 /* TDD_TicTacToeTests.xctest */,
				3F88F83B2A0EC246000BFD88 /* TDD_TicTacToeUITests.xctest */,
			);
			name = Products;
			sourceTree = "<group>";
		};
		3F88F8232A0EC243000BFD88 /* TDD_TicTacToe */ = {
			isa = PBXGroup;
			children = (
				3F88F8242A0EC243000BFD88 /* TDD_TicTacToeApp.swift */,
				3F88F84E2A0EC368000BFD88 /* Model.swift */,
				3F88F8262A0EC243000BFD88 /* ContentView.swift */,
				3F88F8282A0EC245000BFD88 /* Assets.xcassets */,
				3F88F82A2A0EC245000BFD88 /* Preview Content */,
			);
			path = TDD_TicTacToe;
			sourceTree = "<group>";
		};
		3F88F82A2A0EC245000BFD88 /* Preview Content */ = {
			isa = PBXGroup;
			children = (
				3F88F82B2A0EC245000BFD88 /* Preview Assets.xcassets */,
			);
			path = "Preview Content";
			sourceTree = "<group>";
		};
		3F88F8342A0EC246000BFD88 /* TDD_TicTacToeTests */ = {
			isa = PBXGroup;
			children = (
				3F88F8352A0EC246000BFD88 /* TDD_TicTacToeTests.swift */,
			);
			path = TDD_TicTacToeTests;
			sourceTree = "<group>";
		};
		3F88F83E2A0EC246000BFD88 /* TDD_TicTacToeUITests */ = {
			isa = PBXGroup;
			children = (
				3F88F83F2A0EC246000BFD88 /* TDD_TicTacToeUITests.swift */,
				3F88F8412A0EC246000BFD88 /* TDD_TicTacToeUITestsLaunchTests.swift */,
			);
			path = TDD_TicTacToeUITests;
			sourceTree = "<group>";
		};
/* End PBXGroup section */

/* Begin PBXNativeTarget section */
		3F88F8202A0EC243000BFD88 /* TDD_TicTacToe */ = {
			isa = PBXNativeTarget;
			buildConfigurationList = 3F88F8452A0EC246000BFD88 /* Build configuration list for PBXNativeTarget "TDD_TicTacToe" */;
			buildPhases = (
				3F88F81D2A0EC243000BFD88 /* Sources */,
				3F88F81E2A0EC243000BFD88 /* Frameworks */,
				3F88F81F2A0EC243000BFD88 /* Resources */,
			);
			buildRules = (
			);
			dependencies = (
			);
			name = TDD_TicTacToe;
			productName = TDD_TicTacToe;
			productReference = 3F88F8212A0EC243000BFD88 /* TDD_TicTacToe.app */;
			productType = "com.apple.product-type.application";
		};
		3F88F8302A0EC246000BFD88 /* TDD_TicTacToeTests */ = {
			isa = PBXNativeTarget;
			buildConfigurationList = 3F88F8482A0EC246000BFD88 /* Build configuration list for PBXNativeTarget "TDD_TicTacToeTests" */;
			buildPhases = (
				3F88F82D2A0EC246000BFD88 /* Sources */,
				3F88F82E2A0EC246000BFD88 /* Frameworks */,
				3F88F82F2A0EC246000BFD88 /* Resources */,
			);
			buildRules = (
			);
			dependencies = (
				3F88F8332A0EC246000BFD88 /* PBXTargetDependency */,
			);
			name = TDD_TicTacToeTests;
			productName = TDD_TicTacToeTests;
			productReference = 3F88F8312A0EC246000BFD88 /* TDD_TicTacToeTests.xctest */;
			productType = "com.apple.product-type.bundle.unit-test";
		};
		3F88F83A2A0EC246000BFD88 /* TDD_TicTacToeUITests */ = {
			isa = PBXNativeTarget;
			buildConfigurationList = 3F88F84B2A0EC246000BFD88 /* Build configuration list for PBXNativeTarget "TDD_TicTacToeUITests" */;
			buildPhases = (
				3F88F8372A0EC246000BFD88 /* Sources */,
				3F88F8382A0EC246000BFD88 /* Frameworks */,
				3F88F8392A0EC246000BFD88 /* Resources */,
			);
			buildRules = (
			);
			dependencies = (
				3F88F83D2A0EC246000BFD88 /* PBXTargetDependency */,
			);
			name = TDD_TicTacToeUITests;
			productName = TDD_TicTacToeUITests;
			productReference = 3F88F83B2A0EC246000BFD88 /* TDD_TicTacToeUITests.xctest */;
			productType = "com.apple.product-type.bundle.ui-testing";
		};
/* End PBXNativeTarget section */

/* Begin PBXProject section */
		3F88F8192A0EC243000BFD88 /* Project object */ = {
			isa = PBXProject;
			attributes = {
				BuildIndependentTargetsInParallel = 1;
				LastSwiftUpdateCheck = 1340;
				LastUpgradeCheck = 1340;
				TargetAttributes = {
					3F88F8202A0EC243000BFD88 = {
						CreatedOnToolsVersion = 13.4.1;
					};
					3F88F8302A0EC246000BFD88 = {
						CreatedOnToolsVersion = 13.4.1;
						TestTargetID = 3F88F8202A0EC243000BFD88;
					};
					3F88F83A2A0EC246000BFD88 = {
						CreatedOnToolsVersion = 13.4.1;
						TestTargetID = 3F88F8202A0EC243000BFD88;
					};
				};
			};
			buildConfigurationList = 3F88F81C2A0EC243000BFD88 /* Build configuration list for PBXProject "TDD_TicTacToe" */;
			compatibilityVersion = "Xcode 13.0";
			developmentRegion = en;
			hasScannedForEncodings = 0;
			knownRegions = (
				en,
				Base,
			);
			mainGroup = 3F88F8182A0EC243000BFD88;
			productRefGroup = 3F88F8222A0EC243000BFD88 /* Products */;
			projectDirPath = "";
			projectRoot = "";
			targets = (
				3F88F8202A0EC243000BFD88 /* TDD_TicTacToe */,
				3F88F8302A0EC246000BFD88 /* TDD_TicTacToeTests */,
				3F88F83A2A0EC246000BFD88 /* TDD_TicTacToeUITests */,
			);
		};
/* End PBXProject section */

/* Begin PBXResourcesBuildPhase section */
		3F88F81F2A0EC243000BFD88 /* Resources */ = {
			isa = PBXResourcesBuildPhase;
			buildActionMask = 2147483647;
			files = (
				3F88F82C2A0EC245000BFD88 /* Preview Assets.xcassets in Resources */,
				3F88F8292A0EC245000BFD88 /* Assets.xcassets in Resources */,
			);
			runOnlyForDeploymentPostprocessing = 0;
		};
		3F88F82F2A0EC246000BFD88 /* Resources */ = {
			isa = PBXResourcesBuildPhase;
			buildActionMask = 2147483647;
			files = (
			);
			runOnlyForDeploymentPostprocessing = 0;
		};
		3F88F8392A0EC246000BFD88 /* Resources */ = {
			isa = PBXResourcesBuildPhase;
			buildActionMask = 2147483647;
			files = (
			);
			runOnlyForDeploymentPostprocessing = 0;
		};
/* End PBXResourcesBuildPhase section */

/* Begin PBXSourcesBuildPhase section */
		3F88F81D2A0EC243000BFD88 /* Sources */ = {
			isa = PBXSourcesBuildPhase;
			buildActionMask = 2147483647;
			files = (
				3F88F8502A0EC36B000BFD88 /* Model.swift in Sources */,
				3F88F8272A0EC243000BFD88 /* ContentView.swift in Sources */,
				3F88F8252A0EC243000BFD88 /* TDD_TicTacToeApp.swift in Sources */,
			);
			runOnlyForDeploymentPostprocessing = 0;
		};
		3F88F82D2A0EC246000BFD88 /* Sources */ = {
			isa = PBXSourcesBuildPhase;
			buildActionMask = 2147483647;
			files = (
				3F88F8362A0EC246000BFD88 /* TDD_TicTacToeTests.swift in Sources */,
			);
			runOnlyForDeploymentPostprocessing = 0;
		};
		3F88F8372A0EC246000BFD88 /* Sources */ = {
			isa = PBXSourcesBuildPhase;
			buildActionMask = 2147483647;
			files = (
				3F88F8422A0EC246000BFD88 /* TDD_TicTacToeUITestsLaunchTests.swift in Sources */,
				3F88F8402A0EC246000BFD88 /* TDD_TicTacToeUITests.swift in Sources */,
			);
			runOnlyForDeploymentPostprocessing = 0;
		};
/* End PBXSourcesBuildPhase section */

/* Begin PBXTargetDependency section */
		3F88F8332A0EC246000BFD88 /* PBXTargetDependency */ = {
			isa = PBXTargetDependency;
			target = 3F88F8202A0EC243000BFD88 /* TDD_TicTacToe */;
			targetProxy = 3F88F8322A0EC246000BFD88 /* PBXContainerItemProxy */;
		};
		3F88F83D2A0EC246000BFD88 /* PBXTargetDependency */ = {
			isa = PBXTargetDependency;
			target = 3F88F8202A0EC243000BFD88 /* TDD_TicTacToe */;
			targetProxy = 3F88F83C2A0EC246000BFD88 /* PBXContainerItemProxy */;
		};
/* End PBXTargetDependency section */

/* Begin XCBuildConfiguration section */
		3F88F8432A0EC246000BFD88 /* Debug */ = {
			isa = XCBuildConfiguration;
			buildSettings = {
				ALWAYS_SEARCH_USER_PATHS = NO;
				CLANG_ANALYZER_NONNULL = YES;
				CLANG_ANALYZER_NUMBER_OBJECT_CONVERSION = YES_AGGRESSIVE;
				CLANG_CXX_LANGUAGE_STANDARD = "gnu++17";
				CLANG_ENABLE_MODULES = YES;
				CLANG_ENABLE_OBJC_ARC = YES;
				CLANG_ENABLE_OBJC_WEAK = YES;
				CLANG_WARN_BLOCK_CAPTURE_AUTORELEASING = YES;
				CLANG_WARN_BOOL_CONVERSION = YES;
				CLANG_WARN_COMMA = YES;
				CLANG_WARN_CONSTANT_CONVERSION = YES;
				CLANG_WARN_DEPRECATED_OBJC_IMPLEMENTATIONS = YES;
				CLANG_WARN_DIRECT_OBJC_ISA_USAGE = YES_ERROR;
				CLANG_WARN_DOCUMENTATION_COMMENTS = YES;
				CLANG_WARN_EMPTY_BODY = YES;
				CLANG_WARN_ENUM_CONVERSION = YES;
				CLANG_WARN_INFINITE_RECURSION = YES;
				CLANG_WARN_INT_CONVERSION = YES;
				CLANG_WARN_NON_LITERAL_NULL_CONVERSION = YES;
				CLANG_WARN_OBJC_IMPLICIT_RETAIN_SELF = YES;
				CLANG_WARN_OBJC_LITERAL_CONVERSION = YES;
				CLANG_WARN_OBJC_ROOT_CLASS = YES_ERROR;
				CLANG_WARN_QUOTED_INCLUDE_IN_FRAMEWORK_HEADER = YES;
				CLANG_WARN_RANGE_LOOP_ANALYSIS = YES;
				CLANG_WARN_STRICT_PROTOTYPES = YES;
				CLANG_WARN_SUSPICIOUS_MOVE = YES;
				CLANG_WARN_UNGUARDED_AVAILABILITY = YES_AGGRESSIVE;
				CLANG_WARN_UNREACHABLE_CODE = YES;
				CLANG_WARN__DUPLICATE_METHOD_MATCH = YES;
				COPY_PHASE_STRIP = NO;
				DEBUG_INFORMATION_FORMAT = dwarf;
				ENABLE_STRICT_OBJC_MSGSEND = YES;
				ENABLE_TESTABILITY = YES;
				GCC_C_LANGUAGE_STANDARD = gnu11;
				GCC_DYNAMIC_NO_PIC = NO;
				GCC_NO_COMMON_BLOCKS = YES;
				GCC_OPTIMIZATION_LEVEL = 0;
				GCC_PREPROCESSOR_DEFINITIONS = (
					"DEBUG=1",
					"$(inherited)",
				);
				GCC_WARN_64_TO_32_BIT_CONVERSION = YES;
				GCC_WARN_ABOUT_RETURN_TYPE = YES_ERROR;
				GCC_WARN_UNDECLARED_SELECTOR = YES;
				GCC_WARN_UNINITIALIZED_AUTOS = YES_AGGRESSIVE;
				GCC_WARN_UNUSED_FUNCTION = YES;
				GCC_WARN_UNUSED_VARIABLE = YES;
				IPHONEOS_DEPLOYMENT_TARGET = 15.5;
				MTL_ENABLE_DEBUG_INFO = INCLUDE_SOURCE;
				MTL_FAST_MATH = YES;
				ONLY_ACTIVE_ARCH = YES;
				SDKROOT = iphoneos;
				SWIFT_ACTIVE_COMPILATION_CONDITIONS = DEBUG;
				SWIFT_OPTIMIZATION_LEVEL = "-Onone";
			};
			name = Debug;
		};
		3F88F8442A0EC246000BFD88 /* Release */ = {
			isa = XCBuildConfiguration;
			buildSettings = {
				ALWAYS_SEARCH_USER_PATHS = NO;
				CLANG_ANALYZER_NONNULL = YES;
				CLANG_ANALYZER_NUMBER_OBJECT_CONVERSION = YES_AGGRESSIVE;
				CLANG_CXX_LANGUAGE_STANDARD = "gnu++17";
				CLANG_ENABLE_MODULES = YES;
				CLANG_ENABLE_OBJC_ARC = YES;
				CLANG_ENABLE_OBJC_WEAK = YES;
				CLANG_WARN_BLOCK_CAPTURE_AUTORELEASING = YES;
				CLANG_WARN_BOOL_CONVERSION = YES;
				CLANG_WARN_COMMA = YES;
				CLANG_WARN_CONSTANT_CONVERSION = YES;
				CLANG_WARN_DEPRECATED_OBJC_IMPLEMENTATIONS = YES;
				CLANG_WARN_DIRECT_OBJC_ISA_USAGE = YES_ERROR;
				CLANG_WARN_DOCUMENTATION_COMMENTS = YES;
				CLANG_WARN_EMPTY_BODY = YES;
				CLANG_WARN_ENUM_CONVERSION = YES;
				CLANG_WARN_INFINITE_RECURSION = YES;
				CLANG_WARN_INT_CONVERSION = YES;
				CLANG_WARN_NON_LITERAL_NULL_CONVERSION = YES;
				CLANG_WARN_OBJC_IMPLICIT_RETAIN_SELF = YES;
				CLANG_WARN_OBJC_LITERAL_CONVERSION = YES;
				CLANG_WARN_OBJC_ROOT_CLASS = YES_ERROR;
				CLANG_WARN_QUOTED_INCLUDE_IN_FRAMEWORK_HEADER = YES;
				CLANG_WARN_RANGE_LOOP_ANALYSIS = YES;
				CLANG_WARN_STRICT_PROTOTYPES = YES;
				CLANG_WARN_SUSPICIOUS_MOVE = YES;
				CLANG_WARN_UNGUARDED_AVAILABILITY = YES_AGGRESSIVE;
				CLANG_WARN_UNREACHABLE_CODE = YES;
				CLANG_WARN__DUPLICATE_METHOD_MATCH = YES;
				COPY_PHASE_STRIP = NO;
				DEBUG_INFORMATION_FORMAT = "dwarf-with-dsym";
				ENABLE_NS_ASSERTIONS = NO;
				ENABLE_STRICT_OBJC_MSGSEND = YES;
				GCC_C_LANGUAGE_STANDARD = gnu11;
				GCC_NO_COMMON_BLOCKS = YES;
				GCC_WARN_64_TO_32_BIT_CONVERSION = YES;
				GCC_WARN_ABOUT_RETURN_TYPE = YES_ERROR;
				GCC_WARN_UNDECLARED_SELECTOR = YES;
				GCC_WARN_UNINITIALIZED_AUTOS = YES_AGGRESSIVE;
				GCC_WARN_UNUSED_FUNCTION = YES;
				GCC_WARN_UNUSED_VARIABLE = YES;
				IPHONEOS_DEPLOYMENT_TARGET = 15.5;
				MTL_ENABLE_DEBUG_INFO = NO;
				MTL_FAST_MATH = YES;
				SDKROOT = iphoneos;
				SWIFT_COMPILATION_MODE = wholemodule;
				SWIFT_OPTIMIZATION_LEVEL = "-O";
				VALIDATE_PRODUCT = YES;
			};
			name = Release;
		};
		3F88F8462A0EC246000BFD88 /* Debug */ = {
			isa = XCBuildConfiguration;
			buildSettings = {
				ASSETCATALOG_COMPILER_APPICON_NAME = AppIcon;
				ASSETCATALOG_COMPILER_GLOBAL_ACCENT_COLOR_NAME = AccentColor;
				CODE_SIGN_STYLE = Automatic;
				CURRENT_PROJECT_VERSION = 1;
				DEVELOPMENT_ASSET_PATHS = "\"TDD_TicTacToe/Preview Content\"";
				ENABLE_PREVIEWS = YES;
				GENERATE_INFOPLIST_FILE = YES;
				INFOPLIST_KEY_UIApplicationSceneManifest_Generation = YES;
				INFOPLIST_KEY_UIApplicationSupportsIndirectInputEvents = YES;
				INFOPLIST_KEY_UILaunchScreen_Generation = YES;
				INFOPLIST_KEY_UISupportedInterfaceOrientations_iPad = "UIInterfaceOrientationPortrait UIInterfaceOrientationPortraitUpsideDown UIInterfaceOrientationLandscapeLeft UIInterfaceOrientationLandscapeRight";
				INFOPLIST_KEY_UISupportedInterfaceOrientations_iPhone = "UIInterfaceOrientationPortrait UIInterfaceOrientationLandscapeLeft UIInterfaceOrientationLandscapeRight";
				LD_RUNPATH_SEARCH_PATHS = (
					"$(inherited)",
					"@executable_path/Frameworks",
				);
				MARKETING_VERSION = 1.0;
				PRODUCT_BUNDLE_IDENTIFIER = "sha.TDD-TicTacToe";
				PRODUCT_NAME = "$(TARGET_NAME)";
				SWIFT_EMIT_LOC_STRINGS = YES;
				SWIFT_VERSION = 5.0;
				TARGETED_DEVICE_FAMILY = "1,2";
			};
			name = Debug;
		};
		3F88F8472A0EC246000BFD88 /* Release */ = {
			isa = XCBuildConfiguration;
			buildSettings = {
				ASSETCATALOG_COMPILER_APPICON_NAME = AppIcon;
				ASSETCATALOG_COMPILER_GLOBAL_ACCENT_COLOR_NAME = AccentColor;
				CODE_SIGN_STYLE = Automatic;
				CURRENT_PROJECT_VERSION = 1;
				DEVELOPMENT_ASSET_PATHS = "\"TDD_TicTacToe/Preview Content\"";
				ENABLE_PREVIEWS = YES;
				GENERATE_INFOPLIST_FILE = YES;
				INFOPLIST_KEY_UIApplicationSceneManifest_Generation = YES;
				INFOPLIST_KEY_UIApplicationSupportsIndirectInputEvents = YES;
				INFOPLIST_KEY_UILaunchScreen_Generation = YES;
				INFOPLIST_KEY_UISupportedInterfaceOrientations_iPad = "UIInterfaceOrientationPortrait UIInterfaceOrientationPortraitUpsideDown UIInterfaceOrientationLandscapeLeft UIInterfaceOrientationLandscapeRight";
				INFOPLIST_KEY_UISupportedInterfaceOrientations_iPhone = "UIInterfaceOrientationPortrait UIInterfaceOrientationLandscapeLeft UIInterfaceOrientationLandscapeRight";
				LD_RUNPATH_SEARCH_PATHS = (
					"$(inherited)",
					"@executable_path/Frameworks",
				);
				MARKETING_VERSION = 1.0;
				PRODUCT_BUNDLE_IDENTIFIER = "sha.TDD-TicTacToe";
				PRODUCT_NAME = "$(TARGET_NAME)";
				SWIFT_EMIT_LOC_STRINGS = YES;
				SWIFT_VERSION = 5.0;
				TARGETED_DEVICE_FAMILY = "1,2";
			};
			name = Release;
		};
		3F88F8492A0EC246000BFD88 /* Debug */ = {
			isa = XCBuildConfiguration;
			buildSettings = {
				ALWAYS_EMBED_SWIFT_STANDARD_LIBRARIES = YES;
				BUNDLE_LOADER = "$(TEST_HOST)";
				CODE_SIGN_STYLE = Automatic;
				CURRENT_PROJECT_VERSION = 1;
				GENERATE_INFOPLIST_FILE = YES;
				IPHONEOS_DEPLOYMENT_TARGET = 15.5;
				MARKETING_VERSION = 1.0;
				PRODUCT_BUNDLE_IDENTIFIER = "sha.TDD-TicTacToeTests";
				PRODUCT_NAME = "$(TARGET_NAME)";
				SWIFT_EMIT_LOC_STRINGS = NO;
				SWIFT_VERSION = 5.0;
				TARGETED_DEVICE_FAMILY = "1,2";
				TEST_HOST = "$(BUILT_PRODUCTS_DIR)/TDD_TicTacToe.app/TDD_TicTacToe";
			};
			name = Debug;
		};
		3F88F84A2A0EC246000BFD88 /* Release */ = {
			isa = XCBuildConfiguration;
			buildSettings = {
				ALWAYS_EMBED_SWIFT_STANDARD_LIBRARIES = YES;
				BUNDLE_LOADER = "$(TEST_HOST)";
				CODE_SIGN_STYLE = Automatic;
				CURRENT_PROJECT_VERSION = 1;
				GENERATE_INFOPLIST_FILE = YES;
				IPHONEOS_DEPLOYMENT_TARGET = 15.5;
				MARKETING_VERSION = 1.0;
				PRODUCT_BUNDLE_IDENTIFIER = "sha.TDD-TicTacToeTests";
				PRODUCT_NAME = "$(TARGET_NAME)";
				SWIFT_EMIT_LOC_STRINGS = NO;
				SWIFT_VERSION = 5.0;
				TARGETED_DEVICE_FAMILY = "1,2";
				TEST_HOST = "$(BUILT_PRODUCTS_DIR)/TDD_TicTacToe.app/TDD_TicTacToe";
			};
			name = Release;
		};
		3F88F84C2A0EC246000BFD88 /* Debug */ = {
			isa = XCBuildConfiguration;
			buildSettings = {
				ALWAYS_EMBED_SWIFT_STANDARD_LIBRARIES = YES;
				CODE_SIGN_STYLE = Automatic;
				CURRENT_PROJECT_VERSION = 1;
				GENERATE_INFOPLIST_FILE = YES;
				MARKETING_VERSION = 1.0;
				PRODUCT_BUNDLE_IDENTIFIER = "sha.TDD-TicTacToeUITests";
				PRODUCT_NAME = "$(TARGET_NAME)";
				SWIFT_EMIT_LOC_STRINGS = NO;
				SWIFT_VERSION = 5.0;
				TARGETED_DEVICE_FAMILY = "1,2";
				TEST_TARGET_NAME = TDD_TicTacToe;
			};
			name = Debug;
		};
		3F88F84D2A0EC246000BFD88 /* Release */ = {
			isa = XCBuildConfiguration;
			buildSettings = {
				ALWAYS_EMBED_SWIFT_STANDARD_LIBRARIES = YES;
				CODE_SIGN_STYLE = Automatic;
				CURRENT_PROJECT_VERSION = 1;
				GENERATE_INFOPLIST_FILE = YES;
				MARKETING_VERSION = 1.0;
				PRODUCT_BUNDLE_IDENTIFIER = "sha.TDD-TicTacToeUITests";
				PRODUCT_NAME = "$(TARGET_NAME)";
				SWIFT_EMIT_LOC_STRINGS = NO;
				SWIFT_VERSION = 5.0;
				TARGETED_DEVICE_FAMILY = "1,2";
				TEST_TARGET_NAME = TDD_TicTacToe;
			};
			name = Release;
		};
/* End XCBuildConfiguration section */

/* Begin XCConfigurationList section */
		3F88F81C2A0EC243000BFD88 /* Build configuration list for PBXProject "TDD_TicTacToe" */ = {
			isa = XCConfigurationList;
			buildConfigurations = (
				3F88F8432A0EC246000BFD88 /* Debug */,
				3F88F8442A0EC246000BFD88 /* Release */,
			);
			defaultConfigurationIsVisible = 0;
			defaultConfigurationName = Release;
		};
		3F88F8452A0EC246000BFD88 /* Build configuration list for PBXNativeTarget "TDD_TicTacToe" */ = {
			isa = XCConfigurationList;
			buildConfigurations = (
				3F88F8462A0EC246000BFD88 /* Debug */,
				3F88F8472A0EC246000BFD88 /* Release */,
			);
			defaultConfigurationIsVisible = 0;
			defaultConfigurationName = Release;
		};
		3F88F8482A0EC246000BFD88 /* Build configuration list for PBXNativeTarget "TDD_TicTacToeTests" */ = {
			isa = XCConfigurationList;
			buildConfigurations = (
				3F88F8492A0EC246000BFD88 /* Debug */,
				3F88F84A2A0EC246000BFD88 /* Release */,
			);
			defaultConfigurationIsVisible = 0;
			defaultConfigurationName = Release;
		};
		3F88F84B2A0EC246000BFD88 /* Build configuration list for PBXNativeTarget "TDD_TicTacToeUITests" */ = {
			isa = XCConfigurationList;
			buildConfigurations = (
				3F88F84C2A0EC246000BFD88 /* Debug */,
				3F88F84D2A0EC246000BFD88 /* Release */,
			);
			defaultConfigurationIsVisible = 0;
			defaultConfigurationName = Release;
		};
/* End XCConfigurationList section */
	};
	rootObject = 3F88F8192A0EC243000BFD88 /* Project object */;
}
